// !$*UTF8*$!
{
	archiveVersion = 1;
	classes = {
	};
	objectVersion = 50;
	objects = {

/* Begin PBXBuildFile section */
		F5AF32672749522A004ACF95 /* AppDelegate.swift in Sources */ = {isa = PBXBuildFile; fileRef = F5AF32662749522A004ACF95 /* AppDelegate.swift */; };
		F5AF32692749522A004ACF95 /* SceneDelegate.swift in Sources */ = {isa = PBXBuildFile; fileRef = F5AF32682749522A004ACF95 /* SceneDelegate.swift */; };
		F5AF326B2749522A004ACF95 /* TodoListViewController.swift in Sources */ = {isa = PBXBuildFile; fileRef = F5AF326A2749522A004ACF95 /* TodoListViewController.swift */; };
		F5AF326E2749522A004ACF95 /* Main.storyboard in Resources */ = {isa = PBXBuildFile; fileRef = F5AF326C2749522A004ACF95 /* Main.storyboard */; };
		F5AF32702749522C004ACF95 /* Assets.xcassets in Resources */ = {isa = PBXBuildFile; fileRef = F5AF326F2749522C004ACF95 /* Assets.xcassets */; };
		F5AF32732749522C004ACF95 /* LaunchScreen.storyboard in Resources */ = {isa = PBXBuildFile; fileRef = F5AF32712749522C004ACF95 /* LaunchScreen.storyboard */; };
		F5AF328027496E82004ACF95 /* TodoItem.swift in Sources */ = {isa = PBXBuildFile; fileRef = F5AF327F27496E82004ACF95 /* TodoItem.swift */; };
		F5AF328B27496F5C004ACF95 /* Preferences.swift in Sources */ = {isa = PBXBuildFile; fileRef = F5AF327C27496170004ACF95 /* Preferences.swift */; };
		F5AF328E27497C4A004ACF95 /* Documents.swift in Sources */ = {isa = PBXBuildFile; fileRef = F5AF328D27497C4A004ACF95 /* Documents.swift */; };
/* End PBXBuildFile section */

/* Begin PBXFileReference section */
		F5AF32632749522A004ACF95 /* ToDo.app */ = {isa = PBXFileReference; explicitFileType = wrapper.application; includeInIndex = 0; path = ToDo.app; sourceTree = BUILT_PRODUCTS_DIR; };
		F5AF32662749522A004ACF95 /* AppDelegate.swift */ = {isa = PBXFileReference; lastKnownFileType = sourcecode.swift; path = AppDelegate.swift; sourceTree = "<group>"; };
		F5AF32682749522A004ACF95 /* SceneDelegate.swift */ = {isa = PBXFileReference; lastKnownFileType = sourcecode.swift; path = SceneDelegate.swift; sourceTree = "<group>"; };
		F5AF326A2749522A004ACF95 /* TodoListViewController.swift */ = {isa = PBXFileReference; lastKnownFileType = sourcecode.swift; path = TodoListViewController.swift; sourceTree = "<group>"; };
		F5AF326D2749522A004ACF95 /* Base */ = {isa = PBXFileReference; lastKnownFileType = file.storyboard; name = Base; path = Base.lproj/Main.storyboard; sourceTree = "<group>"; };
		F5AF326F2749522C004ACF95 /* Assets.xcassets */ = {isa = PBXFileReference; lastKnownFileType = folder.assetcatalog; path = Assets.xcassets; sourceTree = "<group>"; };
		F5AF32722749522C004ACF95 /* Base */ = {isa = PBXFileReference; lastKnownFileType = file.storyboard; name = Base; path = Base.lproj/LaunchScreen.storyboard; sourceTree = "<group>"; };
		F5AF32742749522C004ACF95 /* Info.plist */ = {isa = PBXFileReference; lastKnownFileType = text.plist.xml; path = Info.plist; sourceTree = "<group>"; };
		F5AF327C27496170004ACF95 /* Preferences.swift */ = {isa = PBXFileReference; lastKnownFileType = sourcecode.swift; path = Preferences.swift; sourceTree = "<group>"; };
		F5AF327F27496E82004ACF95 /* TodoItem.swift */ = {isa = PBXFileReference; lastKnownFileType = sourcecode.swift; path = TodoItem.swift; sourceTree = "<group>"; };
		F5AF328D27497C4A004ACF95 /* Documents.swift */ = {isa = PBXFileReference; lastKnownFileType = sourcecode.swift; path = Documents.swift; sourceTree = "<group>"; };
/* End PBXFileReference section */

/* Begin PBXFrameworksBuildPhase section */
		F5AF32602749522A004ACF95 /* Frameworks */ = {
			isa = PBXFrameworksBuildPhase;
			buildActionMask = 2147483647;
			files = (
			);
			runOnlyForDeploymentPostprocessing = 0;
		};
/* End PBXFrameworksBuildPhase section */

/* Begin PBXGroup section */
		F5AF325A2749522A004ACF95 = {
			isa = PBXGroup;
			children = (
				F5AF32652749522A004ACF95 /* ToDo */,
				F5AF32642749522A004ACF95 /* Products */,
			);
			sourceTree = "<group>";
		};
		F5AF32642749522A004ACF95 /* Products */ = {
			isa = PBXGroup;
			children = (
				F5AF32632749522A004ACF95 /* ToDo.app */,
			);
			name = Products;
			sourceTree = "<group>";
		};
		F5AF32652749522A004ACF95 /* ToDo */ = {
			isa = PBXGroup;
			children = (
				F5AF328327496F00004ACF95 /* Model */,
				F5AF328227496EF7004ACF95 /* View */,
				F5AF328527496F07004ACF95 /* Controller */,
				F5AF328727496F23004ACF95 /* Utils */,
				F5AF326F2749522C004ACF95 /* Assets.xcassets */,
				F5AF32662749522A004ACF95 /* AppDelegate.swift */,
				F5AF32682749522A004ACF95 /* SceneDelegate.swift */,
				F5AF32712749522C004ACF95 /* LaunchScreen.storyboard */,
				F5AF32742749522C004ACF95 /* Info.plist */,
			);
			path = ToDo;
			sourceTree = "<group>";
		};
		F5AF328227496EF7004ACF95 /* View */ = {
			isa = PBXGroup;
			children = (
				F5AF326C2749522A004ACF95 /* Main.storyboard */,
			);
			path = View;
			sourceTree = "<group>";
		};
		F5AF328327496F00004ACF95 /* Model */ = {
			isa = PBXGroup;
			children = (
				F5AF327F27496E82004ACF95 /* TodoItem.swift */,
			);
			path = Model;
			sourceTree = "<group>";
		};
		F5AF328527496F07004ACF95 /* Controller */ = {
			isa = PBXGroup;
			children = (
				F5AF326A2749522A004ACF95 /* TodoListViewController.swift */,
			);
			path = Controller;
			sourceTree = "<group>";
		};
		F5AF328727496F23004ACF95 /* Utils */ = {
			isa = PBXGroup;
			children = (
				F5AF327C27496170004ACF95 /* Preferences.swift */,
				F5AF328D27497C4A004ACF95 /* Documents.swift */,
			);
			path = Utils;
			sourceTree = "<group>";
		};
/* End PBXGroup section */

/* Begin PBXNativeTarget section */
		F5AF32622749522A004ACF95 /* ToDo */ = {
			isa = PBXNativeTarget;
			buildConfigurationList = F5AF32772749522C004ACF95 /* Build configuration list for PBXNativeTarget "ToDo" */;
			buildPhases = (
				F5AF325F2749522A004ACF95 /* Sources */,
				F5AF32602749522A004ACF95 /* Frameworks */,
				F5AF32612749522A004ACF95 /* Resources */,
			);
			buildRules = (
			);
			dependencies = (
			);
			name = ToDo;
			productName = ToDo;
			productReference = F5AF32632749522A004ACF95 /* ToDo.app */;
			productType = "com.apple.product-type.application";
		};
/* End PBXNativeTarget section */

/* Begin PBXProject section */
		F5AF325B2749522A004ACF95 /* Project object */ = {
			isa = PBXProject;
			attributes = {
				LastSwiftUpdateCheck = 1230;
				LastUpgradeCheck = 1230;
				TargetAttributes = {
					F5AF32622749522A004ACF95 = {
						CreatedOnToolsVersion = 12.3;
					};
				};
			};
			buildConfigurationList = F5AF325E2749522A004ACF95 /* Build configuration list for PBXProject "ToDo" */;
			compatibilityVersion = "Xcode 9.3";
			developmentRegion = en;
			hasScannedForEncodings = 0;
			knownRegions = (
				en,
				Base,
			);
			mainGroup = F5AF325A2749522A004ACF95;
			productRefGroup = F5AF32642749522A004ACF95 /* Products */;
			projectDirPath = "";
			projectRoot = "";
			targets = (
				F5AF32622749522A004ACF95 /* ToDo */,
			);
		};
/* End PBXProject section */

/* Begin PBXResourcesBuildPhase section */
		F5AF32612749522A004ACF95 /* Resources */ = {
			isa = PBXResourcesBuildPhase;
			buildActionMask = 2147483647;
			files = (
				F5AF32732749522C004ACF95 /* LaunchScreen.storyboard in Resources */,
				F5AF32702749522C004ACF95 /* Assets.xcassets in Resources */,
				F5AF326E2749522A004ACF95 /* Main.storyboard in Resources */,
			);
			runOnlyForDeploymentPostprocessing = 0;
		};
/* End PBXResourcesBuildPhase section */

/* Begin PBXSourcesBuildPhase section */
		F5AF325F2749522A004ACF95 /* Sources */ = {
			isa = PBXSourcesBuildPhase;
			buildActionMask = 2147483647;
			files = (
				F5AF328027496E82004ACF95 /* TodoItem.swift in Sources */,
				F5AF326B2749522A004ACF95 /* TodoListViewController.swift in Sources */,
				F5AF328B27496F5C004ACF95 /* Preferences.swift in Sources */,
				F5AF32672749522A004ACF95 /* AppDelegate.swift in Sources */,
				F5AF328E27497C4A004ACF95 /* Documents.swift in Sources */,
				F5AF32692749522A004ACF95 /* SceneDelegate.swift in Sources */,
			);
			runOnlyForDeploymentPostprocessing = 0;
		};
/* End PBXSourcesBuildPhase section */

/* Begin PBXVariantGroup section */
		F5AF326C2749522A004ACF95 /* Main.storyboard */ = {
			isa = PBXVariantGroup;
			children = (
				F5AF326D2749522A004ACF95 /* Base */,
			);
			name = Main.storyboard;
			sourceTree = "<group>";
		};
		F5AF32712749522C004ACF95 /* LaunchScreen.storyboard */ = {
			isa = PBXVariantGroup;
			children = (
				F5AF32722749522C004ACF95 /* Base */,
			);
			name = LaunchScreen.storyboard;
			sourceTree = "<group>";
		};
/* End PBXVariantGroup section */

/* Begin XCBuildConfiguration section */
		F5AF32752749522C004ACF95 /* Debug */ = {
			isa = XCBuildConfiguration;
			buildSettings = {
				ALWAYS_SEARCH_USER_PATHS = NO;
				CLANG_ANALYZER_NONNULL = YES;
				CLANG_ANALYZER_NUMBER_OBJECT_CONVERSION = YES_AGGRESSIVE;
				CLANG_CXX_LANGUAGE_STANDARD = "gnu++14";
				CLANG_CXX_LIBRARY = "libc++";
				CLANG_ENABLE_MODULES = YES;
				CLANG_ENABLE_OBJC_ARC = YES;
				CLANG_ENABLE_OBJC_WEAK = YES;
				CLANG_WARN_BLOCK_CAPTURE_AUTORELEASING = YES;
				CLANG_WARN_BOOL_CONVERSION = YES;
				CLANG_WARN_COMMA = YES;
				CLANG_WARN_CONSTANT_CONVERSION = YES;
				CLANG_WARN_DEPRECATED_OBJC_IMPLEMENTATIONS = YES;
				CLANG_WARN_DIRECT_OBJC_ISA_USAGE = YES_ERROR;
				CLANG_WARN_DOCUMENTATION_COMMENTS = YES;
				CLANG_WARN_EMPTY_BODY = YES;
				CLANG_WARN_ENUM_CONVERSION = YES;
				CLANG_WARN_INFINITE_RECURSION = YES;
				CLANG_WARN_INT_CONVERSION = YES;
				CLANG_WARN_NON_LITERAL_NULL_CONVERSION = YES;
				CLANG_WARN_OBJC_IMPLICIT_RETAIN_SELF = YES;
				CLANG_WARN_OBJC_LITERAL_CONVERSION = YES;
				CLANG_WARN_OBJC_ROOT_CLASS = YES_ERROR;
				CLANG_WARN_QUOTED_INCLUDE_IN_FRAMEWORK_HEADER = YES;
				CLANG_WARN_RANGE_LOOP_ANALYSIS = YES;
				CLANG_WARN_STRICT_PROTOTYPES = YES;
				CLANG_WARN_SUSPICIOUS_MOVE = YES;
				CLANG_WARN_UNGUARDED_AVAILABILITY = YES_AGGRESSIVE;
				CLANG_WARN_UNREACHABLE_CODE = YES;
				CLANG_WARN__DUPLICATE_METHOD_MATCH = YES;
				COPY_PHASE_STRIP = NO;
				DEBUG_INFORMATION_FORMAT = dwarf;
				ENABLE_STRICT_OBJC_MSGSEND = YES;
				ENABLE_TESTABILITY = YES;
				GCC_C_LANGUAGE_STANDARD = gnu11;
				GCC_DYNAMIC_NO_PIC = NO;
				GCC_NO_COMMON_BLOCKS = YES;
				GCC_OPTIMIZATION_LEVEL = 0;
				GCC_PREPROCESSOR_DEFINITIONS = (
					"DEBUG=1",
					"$(inherited)",
				);
				GCC_WARN_64_TO_32_BIT_CONVERSION = YES;
				GCC_WARN_ABOUT_RETURN_TYPE = YES_ERROR;
				GCC_WARN_UNDECLARED_SELECTOR = YES;
				GCC_WARN_UNINITIALIZED_AUTOS = YES_AGGRESSIVE;
				GCC_WARN_UNUSED_FUNCTION = YES;
				GCC_WARN_UNUSED_VARIABLE = YES;
				IPHONEOS_DEPLOYMENT_TARGET = 14.3;
				MTL_ENABLE_DEBUG_INFO = INCLUDE_SOURCE;
				MTL_FAST_MATH = YES;
				ONLY_ACTIVE_ARCH = YES;
				SDKROOT = iphoneos;
				SWIFT_ACTIVE_COMPILATION_CONDITIONS = DEBUG;
				SWIFT_OPTIMIZATION_LEVEL = "-Onone";
			};
			name = Debug;
		};
		F5AF32762749522C004ACF95 /* Release */ = {
			isa = XCBuildConfiguration;
			buildSettings = {
				ALWAYS_SEARCH_USER_PATHS = NO;
				CLANG_ANALYZER_NONNULL = YES;
				CLANG_ANALYZER_NUMBER_OBJECT_CONVERSION = YES_AGGRESSIVE;
				CLANG_CXX_LANGUAGE_STANDARD = "gnu++14";
				CLANG_CXX_LIBRARY = "libc++";
				CLANG_ENABLE_MODULES = YES;
				CLANG_ENABLE_OBJC_ARC = YES;
				CLANG_ENABLE_OBJC_WEAK = YES;
				CLANG_WARN_BLOCK_CAPTURE_AUTORELEASING = YES;
				CLANG_WARN_BOOL_CONVERSION = YES;
				CLANG_WARN_COMMA = YES;
				CLANG_WARN_CONSTANT_CONVERSION = YES;
				CLANG_WARN_DEPRECATED_OBJC_IMPLEMENTATIONS = YES;
				CLANG_WARN_DIRECT_OBJC_ISA_USAGE = YES_ERROR;
				CLANG_WARN_DOCUMENTATION_COMMENTS = YES;
				CLANG_WARN_EMPTY_BODY = YES;
				CLANG_WARN_ENUM_CONVERSION = YES;
				CLANG_WARN_INFINITE_RECURSION = YES;
				CLANG_WARN_INT_CONVERSION = YES;
				CLANG_WARN_NON_LITERAL_NULL_CONVERSION = YES;
				CLANG_WARN_OBJC_IMPLICIT_RETAIN_SELF = YES;
				CLANG_WARN_OBJC_LITERAL_CONVERSION = YES;
				CLANG_WARN_OBJC_ROOT_CLASS = YES_ERROR;
				CLANG_WARN_QUOTED_INCLUDE_IN_FRAMEWORK_HEADER = YES;
				CLANG_WARN_RANGE_LOOP_ANALYSIS = YES;
				CLANG_WARN_STRICT_PROTOTYPES = YES;
				CLANG_WARN_SUSPICIOUS_MOVE = YES;
				CLANG_WARN_UNGUARDED_AVAILABILITY = YES_AGGRESSIVE;
				CLANG_WARN_UNREACHABLE_CODE = YES;
				CLANG_WARN__DUPLICATE_METHOD_MATCH = YES;
				COPY_PHASE_STRIP = NO;
				DEBUG_INFORMATION_FORMAT = "dwarf-with-dsym";
				ENABLE_NS_ASSERTIONS = NO;
				ENABLE_STRICT_OBJC_MSGSEND = YES;
				GCC_C_LANGUAGE_STANDARD = gnu11;
				GCC_NO_COMMON_BLOCKS = YES;
				GCC_WARN_64_TO_32_BIT_CONVERSION = YES;
				GCC_WARN_ABOUT_RETURN_TYPE = YES_ERROR;
				GCC_WARN_UNDECLARED_SELECTOR = YES;
				GCC_WARN_UNINITIALIZED_AUTOS = YES_AGGRESSIVE;
				GCC_WARN_UNUSED_FUNCTION = YES;
				GCC_WARN_UNUSED_VARIABLE = YES;
				IPHONEOS_DEPLOYMENT_TARGET = 14.3;
				MTL_ENABLE_DEBUG_INFO = NO;
				MTL_FAST_MATH = YES;
				SDKROOT = iphoneos;
				SWIFT_COMPILATION_MODE = wholemodule;
				SWIFT_OPTIMIZATION_LEVEL = "-O";
				VALIDATE_PRODUCT = YES;
			};
			name = Release;
		};
		F5AF32782749522C004ACF95 /* Debug */ = {
			isa = XCBuildConfiguration;
			buildSettings = {
				ASSETCATALOG_COMPILER_APPICON_NAME = AppIcon;
				ASSETCATALOG_COMPILER_GLOBAL_ACCENT_COLOR_NAME = AccentColor;
				CODE_SIGN_STYLE = Automatic;
				DEVELOPMENT_TEAM = B7772T4P58;
				INFOPLIST_FILE = ToDo/Info.plist;
				LD_RUNPATH_SEARCH_PATHS = (
					"$(inherited)",
					"@executable_path/Frameworks",
				);
				PRODUCT_BUNDLE_IDENTIFIER = ahmdabdelkarim.apps.ToDo;
				PRODUCT_NAME = "$(TARGET_NAME)";
				SWIFT_VERSION = 5.0;
				TARGETED_DEVICE_FAMILY = "1,2";
			};
			name = Debug;
		};
		F5AF32792749522C004ACF95 /* Release */ = {
			isa = XCBuildConfiguration;
			buildSettings = {
				ASSETCATALOG_COMPILER_APPICON_NAME = AppIcon;
				ASSETCATALOG_COMPILER_GLOBAL_ACCENT_COLOR_NAME = AccentColor;
				CODE_SIGN_STYLE = Automatic;
				DEVELOPMENT_TEAM = B7772T4P58;
				INFOPLIST_FILE = ToDo/Info.plist;
				LD_RUNPATH_SEARCH_PATHS = (
					"$(inherited)",
					"@executable_path/Frameworks",
				);
				PRODUCT_BUNDLE_IDENTIFIER = ahmdabdelkarim.apps.ToDo;
				PRODUCT_NAME = "$(TARGET_NAME)";
				SWIFT_VERSION = 5.0;
				TARGETED_DEVICE_FAMILY = "1,2";
			};
			name = Release;
		};
/* End XCBuildConfiguration section */

/* Begin XCConfigurationList section */
		F5AF325E2749522A004ACF95 /* Build configuration list for PBXProject "ToDo" */ = {
			isa = XCConfigurationList;
			buildConfigurations = (
				F5AF32752749522C004ACF95 /* Debug */,
				F5AF32762749522C004ACF95 /* Release */,
			);
			defaultConfigurationIsVisible = 0;
			defaultConfigurationName = Release;
		};
		F5AF32772749522C004ACF95 /* Build configuration list for PBXNativeTarget "ToDo" */ = {
			isa = XCConfigurationList;
			buildConfigurations = (
				F5AF32782749522C004ACF95 /* Debug */,
				F5AF32792749522C004ACF95 /* Release */,
			);
			defaultConfigurationIsVisible = 0;
			defaultConfigurationName = Release;
		};
/* End XCConfigurationList section */
	};
	rootObject = F5AF325B2749522A004ACF95 /* Project object */;
}
